// !$*UTF8*$!
{
	archiveVersion = 1;
	classes = {
	};
	objectVersion = 50;
	objects = {

/* Begin PBXBuildFile section */
		B7734202258930BA00B3E9CA /* AppDelegate.swift in Sources */ = {isa = PBXBuildFile; fileRef = B7734201258930BA00B3E9CA /* AppDelegate.swift */; };
		B7734204258930BA00B3E9CA /* SceneDelegate.swift in Sources */ = {isa = PBXBuildFile; fileRef = B7734203258930BA00B3E9CA /* SceneDelegate.swift */; };
		B773420B258930BC00B3E9CA /* Assets.xcassets in Resources */ = {isa = PBXBuildFile; fileRef = B773420A258930BC00B3E9CA /* Assets.xcassets */; };
		B773420E258930BC00B3E9CA /* LaunchScreen.storyboard in Resources */ = {isa = PBXBuildFile; fileRef = B773420C258930BC00B3E9CA /* LaunchScreen.storyboard */; };
		B7734240258961EB00B3E9CA /* Data.swift in Sources */ = {isa = PBXBuildFile; fileRef = B773423F258961EB00B3E9CA /* Data.swift */; };
		B773424C258968D500B3E9CA /* UIView.swift in Sources */ = {isa = PBXBuildFile; fileRef = B773424B258968D500B3E9CA /* UIView.swift */; };
		B77342522589694500B3E9CA /* NewsVC.swift in Sources */ = {isa = PBXBuildFile; fileRef = B77342512589694500B3E9CA /* NewsVC.swift */; };
		B77342562589695E00B3E9CA /* NewsAssembly.swift in Sources */ = {isa = PBXBuildFile; fileRef = B77342552589695E00B3E9CA /* NewsAssembly.swift */; };
		B77342592589698100B3E9CA /* NewsCell.swift in Sources */ = {isa = PBXBuildFile; fileRef = B77342582589698100B3E9CA /* NewsCell.swift */; };
		B773425C2589699A00B3E9CA /* NewsModel.swift in Sources */ = {isa = PBXBuildFile; fileRef = B773425B2589699A00B3E9CA /* NewsModel.swift */; };
		B773425F258969E000B3E9CA /* NewsModelAssembly.swift in Sources */ = {isa = PBXBuildFile; fileRef = B773425E258969E000B3E9CA /* NewsModelAssembly.swift */; };
		B7734263258969FF00B3E9CA /* Router.swift in Sources */ = {isa = PBXBuildFile; fileRef = B7734262258969FF00B3E9CA /* Router.swift */; };
		B773426A25896A9400B3E9CA /* NewsDetailsVC.swift in Sources */ = {isa = PBXBuildFile; fileRef = B773426925896A9400B3E9CA /* NewsDetailsVC.swift */; };
		B773426E25896AB400B3E9CA /* NewsDetailsAssembly.swift in Sources */ = {isa = PBXBuildFile; fileRef = B773426D25896AB400B3E9CA /* NewsDetailsAssembly.swift */; };
		B773427225896AEC00B3E9CA /* NewsDetailsModel.swift in Sources */ = {isa = PBXBuildFile; fileRef = B773427125896AEC00B3E9CA /* NewsDetailsModel.swift */; };
		B773427625896B1A00B3E9CA /* NewsDetailsModelAssembly.swift in Sources */ = {isa = PBXBuildFile; fileRef = B773427525896B1A00B3E9CA /* NewsDetailsModelAssembly.swift */; };
		B773427A25896B5500B3E9CA /* Storage.swift in Sources */ = {isa = PBXBuildFile; fileRef = B773427925896B5500B3E9CA /* Storage.swift */; };
		B773427D25896B8400B3E9CA /* StorageAssembly.swift in Sources */ = {isa = PBXBuildFile; fileRef = B773427C25896B8400B3E9CA /* StorageAssembly.swift */; };
		B773428125896BDB00B3E9CA /* Networking.swift in Sources */ = {isa = PBXBuildFile; fileRef = B773428025896BDB00B3E9CA /* Networking.swift */; };
		B773428425896C0100B3E9CA /* NetworkingAssembly.swift in Sources */ = {isa = PBXBuildFile; fileRef = B773428325896C0100B3E9CA /* NetworkingAssembly.swift */; };
/* End PBXBuildFile section */

/* Begin PBXFileReference section */
		B77341FE258930BA00B3E9CA /* BankNews.app */ = {isa = PBXFileReference; explicitFileType = wrapper.application; includeInIndex = 0; path = BankNews.app; sourceTree = BUILT_PRODUCTS_DIR; };
		B7734201258930BA00B3E9CA /* AppDelegate.swift */ = {isa = PBXFileReference; lastKnownFileType = sourcecode.swift; path = AppDelegate.swift; sourceTree = "<group>"; };
		B7734203258930BA00B3E9CA /* SceneDelegate.swift */ = {isa = PBXFileReference; lastKnownFileType = sourcecode.swift; path = SceneDelegate.swift; sourceTree = "<group>"; };
		B773420A258930BC00B3E9CA /* Assets.xcassets */ = {isa = PBXFileReference; lastKnownFileType = folder.assetcatalog; path = Assets.xcassets; sourceTree = "<group>"; };
		B773420D258930BC00B3E9CA /* Base */ = {isa = PBXFileReference; lastKnownFileType = file.storyboard; name = Base; path = Base.lproj/LaunchScreen.storyboard; sourceTree = "<group>"; };
		B773420F258930BC00B3E9CA /* Info.plist */ = {isa = PBXFileReference; lastKnownFileType = text.plist.xml; path = Info.plist; sourceTree = "<group>"; };
		B773423F258961EB00B3E9CA /* Data.swift */ = {isa = PBXFileReference; lastKnownFileType = sourcecode.swift; path = Data.swift; sourceTree = "<group>"; };
		B773424B258968D500B3E9CA /* UIView.swift */ = {isa = PBXFileReference; lastKnownFileType = sourcecode.swift; path = UIView.swift; sourceTree = "<group>"; };
		B77342512589694500B3E9CA /* NewsVC.swift */ = {isa = PBXFileReference; lastKnownFileType = sourcecode.swift; path = NewsVC.swift; sourceTree = "<group>"; };
		B77342552589695E00B3E9CA /* NewsAssembly.swift */ = {isa = PBXFileReference; lastKnownFileType = sourcecode.swift; path = NewsAssembly.swift; sourceTree = "<group>"; };
		B77342582589698100B3E9CA /* NewsCell.swift */ = {isa = PBXFileReference; lastKnownFileType = sourcecode.swift; path = NewsCell.swift; sourceTree = "<group>"; };
		B773425B2589699A00B3E9CA /* NewsModel.swift */ = {isa = PBXFileReference; lastKnownFileType = sourcecode.swift; path = NewsModel.swift; sourceTree = "<group>"; };
		B773425E258969E000B3E9CA /* NewsModelAssembly.swift */ = {isa = PBXFileReference; lastKnownFileType = sourcecode.swift; path = NewsModelAssembly.swift; sourceTree = "<group>"; };
		B7734262258969FF00B3E9CA /* Router.swift */ = {isa = PBXFileReference; lastKnownFileType = sourcecode.swift; path = Router.swift; sourceTree = "<group>"; };
		B773426925896A9400B3E9CA /* NewsDetailsVC.swift */ = {isa = PBXFileReference; lastKnownFileType = sourcecode.swift; path = NewsDetailsVC.swift; sourceTree = "<group>"; };
		B773426D25896AB400B3E9CA /* NewsDetailsAssembly.swift */ = {isa = PBXFileReference; lastKnownFileType = sourcecode.swift; path = NewsDetailsAssembly.swift; sourceTree = "<group>"; };
		B773427125896AEC00B3E9CA /* NewsDetailsModel.swift */ = {isa = PBXFileReference; lastKnownFileType = sourcecode.swift; path = NewsDetailsModel.swift; sourceTree = "<group>"; };
		B773427525896B1A00B3E9CA /* NewsDetailsModelAssembly.swift */ = {isa = PBXFileReference; lastKnownFileType = sourcecode.swift; path = NewsDetailsModelAssembly.swift; sourceTree = "<group>"; };
		B773427925896B5500B3E9CA /* Storage.swift */ = {isa = PBXFileReference; lastKnownFileType = sourcecode.swift; path = Storage.swift; sourceTree = "<group>"; };
		B773427C25896B8400B3E9CA /* StorageAssembly.swift */ = {isa = PBXFileReference; lastKnownFileType = sourcecode.swift; path = StorageAssembly.swift; sourceTree = "<group>"; };
		B773428025896BDB00B3E9CA /* Networking.swift */ = {isa = PBXFileReference; lastKnownFileType = sourcecode.swift; path = Networking.swift; sourceTree = "<group>"; };
		B773428325896C0100B3E9CA /* NetworkingAssembly.swift */ = {isa = PBXFileReference; lastKnownFileType = sourcecode.swift; path = NetworkingAssembly.swift; sourceTree = "<group>"; };
/* End PBXFileReference section */

/* Begin PBXFrameworksBuildPhase section */
		B77341FB258930B900B3E9CA /* Frameworks */ = {
			isa = PBXFrameworksBuildPhase;
			buildActionMask = 2147483647;
			files = (
			);
			runOnlyForDeploymentPostprocessing = 0;
		};
/* End PBXFrameworksBuildPhase section */

/* Begin PBXGroup section */
		B77341F5258930B900B3E9CA = {
			isa = PBXGroup;
			children = (
				B7734200258930BA00B3E9CA /* BankNews */,
				B77341FF258930BA00B3E9CA /* Products */,
			);
			sourceTree = "<group>";
		};
		B77341FF258930BA00B3E9CA /* Products */ = {
			isa = PBXGroup;
			children = (
				B77341FE258930BA00B3E9CA /* BankNews.app */,
			);
			name = Products;
			sourceTree = "<group>";
		};
		B7734200258930BA00B3E9CA /* BankNews */ = {
			isa = PBXGroup;
			children = (
				B773424F2589690D00B3E9CA /* NewsModule */,
				B773426525896A3500B3E9CA /* NewsDetailsModule */,
				B773427825896B3000B3E9CA /* StorageModule */,
				B773427F25896BCD00B3E9CA /* NetworkModule */,
				B773423E258961D000B3E9CA /* Extensions */,
				B773422E25895C3A00B3E9CA /* Supporting Files */,
				B773420C258930BC00B3E9CA /* LaunchScreen.storyboard */,
				B773420F258930BC00B3E9CA /* Info.plist */,
			);
			path = BankNews;
			sourceTree = "<group>";
		};
		B773422E25895C3A00B3E9CA /* Supporting Files */ = {
			isa = PBXGroup;
			children = (
				B7734201258930BA00B3E9CA /* AppDelegate.swift */,
				B7734203258930BA00B3E9CA /* SceneDelegate.swift */,
				B773420A258930BC00B3E9CA /* Assets.xcassets */,
			);
			path = "Supporting Files";
			sourceTree = "<group>";
		};
		B773423E258961D000B3E9CA /* Extensions */ = {
			isa = PBXGroup;
			children = (
				B773423F258961EB00B3E9CA /* Data.swift */,
				B773424B258968D500B3E9CA /* UIView.swift */,
			);
			path = Extensions;
			sourceTree = "<group>";
		};
		B773424F2589690D00B3E9CA /* NewsModule */ = {
			isa = PBXGroup;
			children = (
				B77342512589694500B3E9CA /* NewsVC.swift */,
				B77342582589698100B3E9CA /* NewsCell.swift */,
				B77342552589695E00B3E9CA /* NewsAssembly.swift */,
				B7734262258969FF00B3E9CA /* Router.swift */,
				B773426725896A5B00B3E9CA /* Model */,
			);
			path = NewsModule;
			sourceTree = "<group>";
		};
		B773426525896A3500B3E9CA /* NewsDetailsModule */ = {
			isa = PBXGroup;
			children = (
				B773426925896A9400B3E9CA /* NewsDetailsVC.swift */,
				B773426D25896AB400B3E9CA /* NewsDetailsAssembly.swift */,
				B773427025896AC400B3E9CA /* Model */,
			);
			path = NewsDetailsModule;
			sourceTree = "<group>";
		};
		B773426725896A5B00B3E9CA /* Model */ = {
			isa = PBXGroup;
			children = (
				B773425B2589699A00B3E9CA /* NewsModel.swift */,
				B773425E258969E000B3E9CA /* NewsModelAssembly.swift */,
			);
			path = Model;
			sourceTree = "<group>";
		};
		B773427025896AC400B3E9CA /* Model */ = {
			isa = PBXGroup;
			children = (
				B773427125896AEC00B3E9CA /* NewsDetailsModel.swift */,
				B773427525896B1A00B3E9CA /* NewsDetailsModelAssembly.swift */,
			);
			path = Model;
			sourceTree = "<group>";
		};
		B773427825896B3000B3E9CA /* StorageModule */ = {
			isa = PBXGroup;
			children = (
				B773427925896B5500B3E9CA /* Storage.swift */,
				B773427C25896B8400B3E9CA /* StorageAssembly.swift */,
			);
			path = StorageModule;
			sourceTree = "<group>";
		};
		B773427F25896BCD00B3E9CA /* NetworkModule */ = {
			isa = PBXGroup;
			children = (
				B773428025896BDB00B3E9CA /* Networking.swift */,
				B773428325896C0100B3E9CA /* NetworkingAssembly.swift */,
			);
			path = NetworkModule;
			sourceTree = "<group>";
		};
/* End PBXGroup section */

/* Begin PBXNativeTarget section */
		B77341FD258930B900B3E9CA /* BankNews */ = {
			isa = PBXNativeTarget;
			buildConfigurationList = B7734212258930BC00B3E9CA /* Build configuration list for PBXNativeTarget "BankNews" */;
			buildPhases = (
				B77341FA258930B900B3E9CA /* Sources */,
				B77341FB258930B900B3E9CA /* Frameworks */,
				B77341FC258930B900B3E9CA /* Resources */,
			);
			buildRules = (
			);
			dependencies = (
			);
			name = BankNews;
			productName = BankNews;
			productReference = B77341FE258930BA00B3E9CA /* BankNews.app */;
			productType = "com.apple.product-type.application";
		};
/* End PBXNativeTarget section */

/* Begin PBXProject section */
		B77341F6258930B900B3E9CA /* Project object */ = {
			isa = PBXProject;
			attributes = {
				LastSwiftUpdateCheck = 1220;
				LastUpgradeCheck = 1220;
				TargetAttributes = {
					B77341FD258930B900B3E9CA = {
						CreatedOnToolsVersion = 12.2;
					};
				};
			};
			buildConfigurationList = B77341F9258930B900B3E9CA /* Build configuration list for PBXProject "BankNews" */;
			compatibilityVersion = "Xcode 9.3";
			developmentRegion = en;
			hasScannedForEncodings = 0;
			knownRegions = (
				en,
				Base,
			);
			mainGroup = B77341F5258930B900B3E9CA;
			productRefGroup = B77341FF258930BA00B3E9CA /* Products */;
			projectDirPath = "";
			projectRoot = "";
			targets = (
				B77341FD258930B900B3E9CA /* BankNews */,
			);
		};
/* End PBXProject section */

/* Begin PBXResourcesBuildPhase section */
		B77341FC258930B900B3E9CA /* Resources */ = {
			isa = PBXResourcesBuildPhase;
			buildActionMask = 2147483647;
			files = (
				B773420E258930BC00B3E9CA /* LaunchScreen.storyboard in Resources */,
				B773420B258930BC00B3E9CA /* Assets.xcassets in Resources */,
			);
			runOnlyForDeploymentPostprocessing = 0;
		};
/* End PBXResourcesBuildPhase section */

/* Begin PBXSourcesBuildPhase section */
		B77341FA258930B900B3E9CA /* Sources */ = {
			isa = PBXSourcesBuildPhase;
			buildActionMask = 2147483647;
			files = (
				B77342522589694500B3E9CA /* NewsVC.swift in Sources */,
				B773424C258968D500B3E9CA /* UIView.swift in Sources */,
				B773428125896BDB00B3E9CA /* Networking.swift in Sources */,
				B773427225896AEC00B3E9CA /* NewsDetailsModel.swift in Sources */,
				B7734263258969FF00B3E9CA /* Router.swift in Sources */,
				B77342562589695E00B3E9CA /* NewsAssembly.swift in Sources */,
				B773427D25896B8400B3E9CA /* StorageAssembly.swift in Sources */,
				B773425F258969E000B3E9CA /* NewsModelAssembly.swift in Sources */,
				B77342592589698100B3E9CA /* NewsCell.swift in Sources */,
				B7734240258961EB00B3E9CA /* Data.swift in Sources */,
				B7734202258930BA00B3E9CA /* AppDelegate.swift in Sources */,
				B7734204258930BA00B3E9CA /* SceneDelegate.swift in Sources */,
				B773426A25896A9400B3E9CA /* NewsDetailsVC.swift in Sources */,
				B773428425896C0100B3E9CA /* NetworkingAssembly.swift in Sources */,
				B773425C2589699A00B3E9CA /* NewsModel.swift in Sources */,
				B773426E25896AB400B3E9CA /* NewsDetailsAssembly.swift in Sources */,
				B773427625896B1A00B3E9CA /* NewsDetailsModelAssembly.swift in Sources */,
				B773427A25896B5500B3E9CA /* Storage.swift in Sources */,
			);
			runOnlyForDeploymentPostprocessing = 0;
		};
/* End PBXSourcesBuildPhase section */

/* Begin PBXVariantGroup section */
		B773420C258930BC00B3E9CA /* LaunchScreen.storyboard */ = {
			isa = PBXVariantGroup;
			children = (
				B773420D258930BC00B3E9CA /* Base */,
			);
			name = LaunchScreen.storyboard;
			sourceTree = "<group>";
		};
/* End PBXVariantGroup section */

/* Begin XCBuildConfiguration section */
		B7734210258930BC00B3E9CA /* Debug */ = {
			isa = XCBuildConfiguration;
			buildSettings = {
				ALWAYS_SEARCH_USER_PATHS = NO;
				CLANG_ANALYZER_NONNULL = YES;
				CLANG_ANALYZER_NUMBER_OBJECT_CONVERSION = YES_AGGRESSIVE;
				CLANG_CXX_LANGUAGE_STANDARD = "gnu++14";
				CLANG_CXX_LIBRARY = "libc++";
				CLANG_ENABLE_MODULES = YES;
				CLANG_ENABLE_OBJC_ARC = YES;
				CLANG_ENABLE_OBJC_WEAK = YES;
				CLANG_WARN_BLOCK_CAPTURE_AUTORELEASING = YES;
				CLANG_WARN_BOOL_CONVERSION = YES;
				CLANG_WARN_COMMA = YES;
				CLANG_WARN_CONSTANT_CONVERSION = YES;
				CLANG_WARN_DEPRECATED_OBJC_IMPLEMENTATIONS = YES;
				CLANG_WARN_DIRECT_OBJC_ISA_USAGE = YES_ERROR;
				CLANG_WARN_DOCUMENTATION_COMMENTS = YES;
				CLANG_WARN_EMPTY_BODY = YES;
				CLANG_WARN_ENUM_CONVERSION = YES;
				CLANG_WARN_INFINITE_RECURSION = YES;
				CLANG_WARN_INT_CONVERSION = YES;
				CLANG_WARN_NON_LITERAL_NULL_CONVERSION = YES;
				CLANG_WARN_OBJC_IMPLICIT_RETAIN_SELF = YES;
				CLANG_WARN_OBJC_LITERAL_CONVERSION = YES;
				CLANG_WARN_OBJC_ROOT_CLASS = YES_ERROR;
				CLANG_WARN_QUOTED_INCLUDE_IN_FRAMEWORK_HEADER = YES;
				CLANG_WARN_RANGE_LOOP_ANALYSIS = YES;
				CLANG_WARN_STRICT_PROTOTYPES = YES;
				CLANG_WARN_SUSPICIOUS_MOVE = YES;
				CLANG_WARN_UNGUARDED_AVAILABILITY = YES_AGGRESSIVE;
				CLANG_WARN_UNREACHABLE_CODE = YES;
				CLANG_WARN__DUPLICATE_METHOD_MATCH = YES;
				COPY_PHASE_STRIP = NO;
				DEBUG_INFORMATION_FORMAT = dwarf;
				ENABLE_STRICT_OBJC_MSGSEND = YES;
				ENABLE_TESTABILITY = YES;
				GCC_C_LANGUAGE_STANDARD = gnu11;
				GCC_DYNAMIC_NO_PIC = NO;
				GCC_NO_COMMON_BLOCKS = YES;
				GCC_OPTIMIZATION_LEVEL = 0;
				GCC_PREPROCESSOR_DEFINITIONS = (
					"DEBUG=1",
					"$(inherited)",
				);
				GCC_WARN_64_TO_32_BIT_CONVERSION = YES;
				GCC_WARN_ABOUT_RETURN_TYPE = YES_ERROR;
				GCC_WARN_UNDECLARED_SELECTOR = YES;
				GCC_WARN_UNINITIALIZED_AUTOS = YES_AGGRESSIVE;
				GCC_WARN_UNUSED_FUNCTION = YES;
				GCC_WARN_UNUSED_VARIABLE = YES;
				IPHONEOS_DEPLOYMENT_TARGET = 14.2;
				MTL_ENABLE_DEBUG_INFO = INCLUDE_SOURCE;
				MTL_FAST_MATH = YES;
				ONLY_ACTIVE_ARCH = YES;
				SDKROOT = iphoneos;
				SWIFT_ACTIVE_COMPILATION_CONDITIONS = DEBUG;
				SWIFT_OPTIMIZATION_LEVEL = "-Onone";
			};
			name = Debug;
		};
		B7734211258930BC00B3E9CA /* Release */ = {
			isa = XCBuildConfiguration;
			buildSettings = {
				ALWAYS_SEARCH_USER_PATHS = NO;
				CLANG_ANALYZER_NONNULL = YES;
				CLANG_ANALYZER_NUMBER_OBJECT_CONVERSION = YES_AGGRESSIVE;
				CLANG_CXX_LANGUAGE_STANDARD = "gnu++14";
				CLANG_CXX_LIBRARY = "libc++";
				CLANG_ENABLE_MODULES = YES;
				CLANG_ENABLE_OBJC_ARC = YES;
				CLANG_ENABLE_OBJC_WEAK = YES;
				CLANG_WARN_BLOCK_CAPTURE_AUTORELEASING = YES;
				CLANG_WARN_BOOL_CONVERSION = YES;
				CLANG_WARN_COMMA = YES;
				CLANG_WARN_CONSTANT_CONVERSION = YES;
				CLANG_WARN_DEPRECATED_OBJC_IMPLEMENTATIONS = YES;
				CLANG_WARN_DIRECT_OBJC_ISA_USAGE = YES_ERROR;
				CLANG_WARN_DOCUMENTATION_COMMENTS = YES;
				CLANG_WARN_EMPTY_BODY = YES;
				CLANG_WARN_ENUM_CONVERSION = YES;
				CLANG_WARN_INFINITE_RECURSION = YES;
				CLANG_WARN_INT_CONVERSION = YES;
				CLANG_WARN_NON_LITERAL_NULL_CONVERSION = YES;
				CLANG_WARN_OBJC_IMPLICIT_RETAIN_SELF = YES;
				CLANG_WARN_OBJC_LITERAL_CONVERSION = YES;
				CLANG_WARN_OBJC_ROOT_CLASS = YES_ERROR;
				CLANG_WARN_QUOTED_INCLUDE_IN_FRAMEWORK_HEADER = YES;
				CLANG_WARN_RANGE_LOOP_ANALYSIS = YES;
				CLANG_WARN_STRICT_PROTOTYPES = YES;
				CLANG_WARN_SUSPICIOUS_MOVE = YES;
				CLANG_WARN_UNGUARDED_AVAILABILITY = YES_AGGRESSIVE;
				CLANG_WARN_UNREACHABLE_CODE = YES;
				CLANG_WARN__DUPLICATE_METHOD_MATCH = YES;
				COPY_PHASE_STRIP = NO;
				DEBUG_INFORMATION_FORMAT = "dwarf-with-dsym";
				ENABLE_NS_ASSERTIONS = NO;
				ENABLE_STRICT_OBJC_MSGSEND = YES;
				GCC_C_LANGUAGE_STANDARD = gnu11;
				GCC_NO_COMMON_BLOCKS = YES;
				GCC_WARN_64_TO_32_BIT_CONVERSION = YES;
				GCC_WARN_ABOUT_RETURN_TYPE = YES_ERROR;
				GCC_WARN_UNDECLARED_SELECTOR = YES;
				GCC_WARN_UNINITIALIZED_AUTOS = YES_AGGRESSIVE;
				GCC_WARN_UNUSED_FUNCTION = YES;
				GCC_WARN_UNUSED_VARIABLE = YES;
				IPHONEOS_DEPLOYMENT_TARGET = 14.2;
				MTL_ENABLE_DEBUG_INFO = NO;
				MTL_FAST_MATH = YES;
				SDKROOT = iphoneos;
				SWIFT_COMPILATION_MODE = wholemodule;
				SWIFT_OPTIMIZATION_LEVEL = "-O";
				VALIDATE_PRODUCT = YES;
			};
			name = Release;
		};
		B7734213258930BC00B3E9CA /* Debug */ = {
			isa = XCBuildConfiguration;
			buildSettings = {
				ASSETCATALOG_COMPILER_APPICON_NAME = AppIcon;
				ASSETCATALOG_COMPILER_GLOBAL_ACCENT_COLOR_NAME = AccentColor;
				CODE_SIGN_STYLE = Automatic;
				DEVELOPMENT_TEAM = JXD42XQ9N4;
				INFOPLIST_FILE = BankNews/Info.plist;
				IPHONEOS_DEPLOYMENT_TARGET = 13.0;
				LD_RUNPATH_SEARCH_PATHS = (
					"$(inherited)",
					"@executable_path/Frameworks",
				);
				PRODUCT_BUNDLE_IDENTIFIER = com.duglive.BankNews;
				PRODUCT_NAME = "$(TARGET_NAME)";
				SWIFT_VERSION = 5.0;
				TARGETED_DEVICE_FAMILY = "1,2";
			};
			name = Debug;
		};
		B7734214258930BC00B3E9CA /* Release */ = {
			isa = XCBuildConfiguration;
			buildSettings = {
				ASSETCATALOG_COMPILER_APPICON_NAME = AppIcon;
				ASSETCATALOG_COMPILER_GLOBAL_ACCENT_COLOR_NAME = AccentColor;
				CODE_SIGN_STYLE = Automatic;
				DEVELOPMENT_TEAM = JXD42XQ9N4;
				INFOPLIST_FILE = BankNews/Info.plist;
				IPHONEOS_DEPLOYMENT_TARGET = 13.0;
				LD_RUNPATH_SEARCH_PATHS = (
					"$(inherited)",
					"@executable_path/Frameworks",
				);
				PRODUCT_BUNDLE_IDENTIFIER = com.duglive.BankNews;
				PRODUCT_NAME = "$(TARGET_NAME)";
				SWIFT_VERSION = 5.0;
				TARGETED_DEVICE_FAMILY = "1,2";
			};
			name = Release;
		};
/* End XCBuildConfiguration section */

/* Begin XCConfigurationList section */
		B77341F9258930B900B3E9CA /* Build configuration list for PBXProject "BankNews" */ = {
			isa = XCConfigurationList;
			buildConfigurations = (
				B7734210258930BC00B3E9CA /* Debug */,
				B7734211258930BC00B3E9CA /* Release */,
			);
			defaultConfigurationIsVisible = 0;
			defaultConfigurationName = Release;
		};
		B7734212258930BC00B3E9CA /* Build configuration list for PBXNativeTarget "BankNews" */ = {
			isa = XCConfigurationList;
			buildConfigurations = (
				B7734213258930BC00B3E9CA /* Debug */,
				B7734214258930BC00B3E9CA /* Release */,
			);
			defaultConfigurationIsVisible = 0;
			defaultConfigurationName = Release;
		};
/* End XCConfigurationList section */
	};
	rootObject = B77341F6258930B900B3E9CA /* Project object */;
}
